
Microsoft Visual Studio Solution File, Format Version 12.00
# Visual Studio Version 17
VisualStudioVersion = 17.0.31903.59
MinimumVisualStudioVersion = 10.0.40219.1
Project("{FAE04EC0-301F-11D3-BF4B-00C04F79EFBC}") = "Tests", "Tests\Tests.csproj", "{6B77E8DB-1817-44F4-AB06-797E7FE25E1B}"
EndProject
Project("{2150E333-8FDC-42A3-9474-1A3956D46DE8}") = "Src", "Src", "{5D18ED37-E404-471B-8424-18FF6B940A27}"
EndProject
Project("{2150E333-8FDC-42A3-9474-1A3956D46DE8}") = "NadinSoft.Api", "NadinSoft.Api", "{563CC5D6-740B-4A1E-82F0-B68422775EC1}"
EndProject
Project("{2150E333-8FDC-42A3-9474-1A3956D46DE8}") = "NadinSoft.Contracts", "NadinSoft.Contracts", "{E6A00505-FF32-444C-87F2-E3ADF298B02F}"
EndProject
Project("{2150E333-8FDC-42A3-9474-1A3956D46DE8}") = "NadinSoft.Domain", "NadinSoft.Domain", "{EEB6DA38-299E-483B-9718-6DE4EF08EA74}"
EndProject
Project("{2150E333-8FDC-42A3-9474-1A3956D46DE8}") = "NadinSoft.Infrastructure", "NadinSoft.Infrastructure", "{720A042C-790C-4760-8D91-EA565C3E33C6}"
EndProject
Project("{2150E333-8FDC-42A3-9474-1A3956D46DE8}") = "NadinSoft.Application", "NadinSoft.Application", "{42CF9F44-9D75-432A-A6E6-DB84D24923DA}"
EndProject
Project("{FAE04EC0-301F-11D3-BF4B-00C04F79EFBC}") = "NS.Domain", "Src\NS.Domain\NS.Domain.csproj", "{EF01F4DC-B593-4E77-AE66-F3CC645B8449}"
EndProject
Project("{FAE04EC0-301F-11D3-BF4B-00C04F79EFBC}") = "NS.Infrastructure.MSSQL.EFCore", "Src\NS.Infrastructure.MSSQL.EFCore\NS.Infrastructure.MSSQL.EFCore.csproj", "{74346DC3-1A35-4179-B457-F37FB20A1C52}"
EndProject
Project("{FAE04EC0-301F-11D3-BF4B-00C04F79EFBC}") = "NS.Api", "Src\NS.Api\NS.Api.csproj", "{A8DB59CF-DD9B-434F-8E3D-8464A0AA3802}"
EndProject
Project("{FAE04EC0-301F-11D3-BF4B-00C04F79EFBC}") = "NS.Application", "Src\NS.Application\NS.Application.csproj", "{1EA52E4B-8366-444B-BB50-E24B1D8BD074}"
EndProject
Project("{FAE04EC0-301F-11D3-BF4B-00C04F79EFBC}") = "NS.Infrastructure.Identity", "Src\NS.Infrastructure.Identity\NS.Infrastructure.Identity.csproj", "{D48A7669-4104-47D9-8E6C-D02D16A7EF1D}"
EndProject
Global
	GlobalSection(SolutionConfigurationPlatforms) = preSolution
		Debug|Any CPU = Debug|Any CPU
		Release|Any CPU = Release|Any CPU
	EndGlobalSection
	GlobalSection(SolutionProperties) = preSolution
		HideSolutionNode = FALSE
	EndGlobalSection
	GlobalSection(ProjectConfigurationPlatforms) = postSolution
		{6B77E8DB-1817-44F4-AB06-797E7FE25E1B}.Debug|Any CPU.ActiveCfg = Debug|Any CPU
		{6B77E8DB-1817-44F4-AB06-797E7FE25E1B}.Debug|Any CPU.Build.0 = Debug|Any CPU
		{6B77E8DB-1817-44F4-AB06-797E7FE25E1B}.Release|Any CPU.ActiveCfg = Release|Any CPU
		{6B77E8DB-1817-44F4-AB06-797E7FE25E1B}.Release|Any CPU.Build.0 = Release|Any CPU
		{CEC8B98E-0E4F-4F9D-BFBC-A83F4A717477}.Debug|Any CPU.ActiveCfg = Debug|Any CPU
		{CEC8B98E-0E4F-4F9D-BFBC-A83F4A717477}.Debug|Any CPU.Build.0 = Debug|Any CPU
		{CEC8B98E-0E4F-4F9D-BFBC-A83F4A717477}.Release|Any CPU.ActiveCfg = Release|Any CPU
		{CEC8B98E-0E4F-4F9D-BFBC-A83F4A717477}.Release|Any CPU.Build.0 = Release|Any CPU
		{EF01F4DC-B593-4E77-AE66-F3CC645B8449}.Debug|Any CPU.ActiveCfg = Debug|Any CPU
		{EF01F4DC-B593-4E77-AE66-F3CC645B8449}.Debug|Any CPU.Build.0 = Debug|Any CPU
		{EF01F4DC-B593-4E77-AE66-F3CC645B8449}.Release|Any CPU.ActiveCfg = Release|Any CPU
		{EF01F4DC-B593-4E77-AE66-F3CC645B8449}.Release|Any CPU.Build.0 = Release|Any CPU
		{74346DC3-1A35-4179-B457-F37FB20A1C52}.Debug|Any CPU.ActiveCfg = Debug|Any CPU
		{74346DC3-1A35-4179-B457-F37FB20A1C52}.Debug|Any CPU.Build.0 = Debug|Any CPU
		{74346DC3-1A35-4179-B457-F37FB20A1C52}.Release|Any CPU.ActiveCfg = Release|Any CPU
		{74346DC3-1A35-4179-B457-F37FB20A1C52}.Release|Any CPU.Build.0 = Release|Any CPU
		{A8DB59CF-DD9B-434F-8E3D-8464A0AA3802}.Debug|Any CPU.ActiveCfg = Debug|Any CPU
		{A8DB59CF-DD9B-434F-8E3D-8464A0AA3802}.Debug|Any CPU.Build.0 = Debug|Any CPU
		{A8DB59CF-DD9B-434F-8E3D-8464A0AA3802}.Release|Any CPU.ActiveCfg = Release|Any CPU
		{A8DB59CF-DD9B-434F-8E3D-8464A0AA3802}.Release|Any CPU.Build.0 = Release|Any CPU
		{1EA52E4B-8366-444B-BB50-E24B1D8BD074}.Debug|Any CPU.ActiveCfg = Debug|Any CPU
		{1EA52E4B-8366-444B-BB50-E24B1D8BD074}.Debug|Any CPU.Build.0 = Debug|Any CPU
		{1EA52E4B-8366-444B-BB50-E24B1D8BD074}.Release|Any CPU.ActiveCfg = Release|Any CPU
		{1EA52E4B-8366-444B-BB50-E24B1D8BD074}.Release|Any CPU.Build.0 = Release|Any CPU
		{D48A7669-4104-47D9-8E6C-D02D16A7EF1D}.Debug|Any CPU.ActiveCfg = Debug|Any CPU
		{D48A7669-4104-47D9-8E6C-D02D16A7EF1D}.Debug|Any CPU.Build.0 = Debug|Any CPU
		{D48A7669-4104-47D9-8E6C-D02D16A7EF1D}.Release|Any CPU.ActiveCfg = Release|Any CPU
		{D48A7669-4104-47D9-8E6C-D02D16A7EF1D}.Release|Any CPU.Build.0 = Release|Any CPU
	EndGlobalSection
	GlobalSection(NestedProjects) = preSolution
		{563CC5D6-740B-4A1E-82F0-B68422775EC1} = {5D18ED37-E404-471B-8424-18FF6B940A27}
		{E6A00505-FF32-444C-87F2-E3ADF298B02F} = {5D18ED37-E404-471B-8424-18FF6B940A27}
		{EEB6DA38-299E-483B-9718-6DE4EF08EA74} = {5D18ED37-E404-471B-8424-18FF6B940A27}
		{720A042C-790C-4760-8D91-EA565C3E33C6} = {5D18ED37-E404-471B-8424-18FF6B940A27}
		{42CF9F44-9D75-432A-A6E6-DB84D24923DA} = {5D18ED37-E404-471B-8424-18FF6B940A27}
		{EF01F4DC-B593-4E77-AE66-F3CC645B8449} = {EEB6DA38-299E-483B-9718-6DE4EF08EA74}
		{74346DC3-1A35-4179-B457-F37FB20A1C52} = {720A042C-790C-4760-8D91-EA565C3E33C6}
		{A8DB59CF-DD9B-434F-8E3D-8464A0AA3802} = {563CC5D6-740B-4A1E-82F0-B68422775EC1}
		{1EA52E4B-8366-444B-BB50-E24B1D8BD074} = {42CF9F44-9D75-432A-A6E6-DB84D24923DA}
		{D48A7669-4104-47D9-8E6C-D02D16A7EF1D} = {720A042C-790C-4760-8D91-EA565C3E33C6}
	EndGlobalSection
EndGlobal
